
Microsoft Visual Studio Solution File, Format Version 12.00
# Visual Studio 15
VisualStudioVersion = 15.0.27428.2037
MinimumVisualStudioVersion = 10.0.40219.1
Project("{FAE04EC0-301F-11D3-BF4B-00C04F79EFBC}") = "DataModel", "DataModel\DataModel.csproj", "{7D096CAB-5C91-4FA2-AEF4-97E1083590D7}"
EndProject
Global
	GlobalSection(SolutionConfigurationPlatforms) = preSolution
		Debug|Any CPU = Debug|Any CPU
		Release|Any CPU = Release|Any CPU
	EndGlobalSection
	GlobalSection(ProjectConfigurationPlatforms) = postSolution
		{7D096CAB-5C91-4FA2-AEF4-97E1083590D7}.Debug|Any CPU.ActiveCfg = Debug|Any CPU
		{7D096CAB-5C91-4FA2-AEF4-97E1083590D7}.Debug|Any CPU.Build.0 = Debug|Any CPU
		{7D096CAB-5C91-4FA2-AEF4-97E1083590D7}.Release|Any CPU.ActiveCfg = Release|Any CPU
		{7D096CAB-5C91-4FA2-AEF4-97E1083590D7}.Release|Any CPU.Build.0 = Release|Any CPU
	EndGlobalSection
	GlobalSection(SolutionProperties) = preSolution
		HideSolutionNode = FALSE
	EndGlobalSection
	GlobalSection(ExtensibilityGlobals) = postSolution
		SolutionGuid = {657DBD52-3DAB-459F-8BFE-84A694432FD0}
	EndGlobalSection
EndGlobal
